
Microsoft Visual Studio Solution File, Format Version 12.00
# Visual Studio Version 17
VisualStudioVersion = 17.5.002.0
MinimumVisualStudioVersion = 10.0.40219.1
Project("{9A19103F-16F7-4668-BE54-9A1E7A4F7556}") = "finance", "finance.csproj", "{A80E0463-6591-4B0B-9400-D00695A62F83}"
EndProject
Project("{FAE04EC0-301F-11D3-BF4B-00C04F79EFBC}") = "Finance.Tests", "Finance.Tests\Finance.Tests.csproj", "{7C4F7FB4-DEA5-4EB7-ADFF-2804A6191EAE}"
EndProject
Global
	GlobalSection(SolutionConfigurationPlatforms) = preSolution
		Debug|Any CPU = Debug|Any CPU
		Release|Any CPU = Release|Any CPU
	EndGlobalSection
	GlobalSection(ProjectConfigurationPlatforms) = postSolution
		{A80E0463-6591-4B0B-9400-D00695A62F83}.Debug|Any CPU.ActiveCfg = Debug|Any CPU
		{A80E0463-6591-4B0B-9400-D00695A62F83}.Debug|Any CPU.Build.0 = Debug|Any CPU
		{A80E0463-6591-4B0B-9400-D00695A62F83}.Release|Any CPU.ActiveCfg = Release|Any CPU
		{A80E0463-6591-4B0B-9400-D00695A62F83}.Release|Any CPU.Build.0 = Release|Any CPU
		{7C4F7FB4-DEA5-4EB7-ADFF-2804A6191EAE}.Debug|Any CPU.ActiveCfg = Debug|Any CPU
		{7C4F7FB4-DEA5-4EB7-ADFF-2804A6191EAE}.Debug|Any CPU.Build.0 = Debug|Any CPU
		{7C4F7FB4-DEA5-4EB7-ADFF-2804A6191EAE}.Release|Any CPU.ActiveCfg = Release|Any CPU
		{7C4F7FB4-DEA5-4EB7-ADFF-2804A6191EAE}.Release|Any CPU.Build.0 = Release|Any CPU
	EndGlobalSection
	GlobalSection(SolutionProperties) = preSolution
		HideSolutionNode = FALSE
	EndGlobalSection
	GlobalSection(ExtensibilityGlobals) = postSolution
		SolutionGuid = {BB8F9DC9-6A47-45BE-A85D-5150F2A3D64A}
	EndGlobalSection
EndGlobal
