
Microsoft Visual Studio Solution File, Format Version 12.00
# Visual Studio Version 17
VisualStudioVersion = 17.5.002.0
MinimumVisualStudioVersion = 10.0.40219.1
Project("{9A19103F-16F7-4668-BE54-9A1E7A4F7556}") = "FinanceApp", "FinanceApp.csproj", "{8489971E-EDFB-4957-AEAB-B3DB99CC0C62}"
EndProject
Global
	GlobalSection(SolutionConfigurationPlatforms) = preSolution
		Debug|Any CPU = Debug|Any CPU
		Release|Any CPU = Release|Any CPU
	EndGlobalSection
	GlobalSection(ProjectConfigurationPlatforms) = postSolution
		{8489971E-EDFB-4957-AEAB-B3DB99CC0C62}.Debug|Any CPU.ActiveCfg = Debug|Any CPU
		{8489971E-EDFB-4957-AEAB-B3DB99CC0C62}.Debug|Any CPU.Build.0 = Debug|Any CPU
		{8489971E-EDFB-4957-AEAB-B3DB99CC0C62}.Release|Any CPU.ActiveCfg = Release|Any CPU
		{8489971E-EDFB-4957-AEAB-B3DB99CC0C62}.Release|Any CPU.Build.0 = Release|Any CPU
	EndGlobalSection
	GlobalSection(SolutionProperties) = preSolution
		HideSolutionNode = FALSE
	EndGlobalSection
	GlobalSection(ExtensibilityGlobals) = postSolution
		SolutionGuid = {BC850952-B7FB-453D-879B-BE2AD77DC64E}
	EndGlobalSection
EndGlobal
